
Microsoft Visual Studio Solution File, Format Version 12.00
Project("{FAE04EC0-301F-11D3-BF4B-00C04F79EFBC}") = "Album2", "Album2\Album2.csproj", "{A8A347A7-BE28-4EAC-9147-4398840BFC5C}"
EndProject
Global
	GlobalSection(SolutionConfigurationPlatforms) = preSolution
		Debug|Any CPU = Debug|Any CPU
		Release|Any CPU = Release|Any CPU
	EndGlobalSection
	GlobalSection(ProjectConfigurationPlatforms) = postSolution
		{A8A347A7-BE28-4EAC-9147-4398840BFC5C}.Debug|Any CPU.ActiveCfg = Debug|Any CPU
		{A8A347A7-BE28-4EAC-9147-4398840BFC5C}.Debug|Any CPU.Build.0 = Debug|Any CPU
		{A8A347A7-BE28-4EAC-9147-4398840BFC5C}.Release|Any CPU.ActiveCfg = Release|Any CPU
		{A8A347A7-BE28-4EAC-9147-4398840BFC5C}.Release|Any CPU.Build.0 = Release|Any CPU
	EndGlobalSection
EndGlobal
